// !$*UTF8*$!
{
	archiveVersion = 1;
	classes = {
	};
	objectVersion = 56;
	objects = {

/* Begin PBXBuildFile section */
		4FC942722BD2DEDF009139F6 /* haptaptickApp.swift in Sources */ = {isa = PBXBuildFile; fileRef = 4FC942712BD2DEDF009139F6 /* haptaptickApp.swift */; };
		4FC942742BD2DEDF009139F6 /* ContentView.swift in Sources */ = {isa = PBXBuildFile; fileRef = 4FC942732BD2DEDF009139F6 /* ContentView.swift */; };
		4FC942762BD2DEE0009139F6 /* Assets.xcassets in Resources */ = {isa = PBXBuildFile; fileRef = 4FC942752BD2DEE0009139F6 /* Assets.xcassets */; };
		4FC942792BD2DEE0009139F6 /* Preview Assets.xcassets in Resources */ = {isa = PBXBuildFile; fileRef = 4FC942782BD2DEE0009139F6 /* Preview Assets.xcassets */; };
		4FC9427F2BD2DEE0009139F6 /* haptaptick Watch App.app in Embed Watch Content */ = {isa = PBXBuildFile; fileRef = 4FC9427E2BD2DEE0009139F6 /* haptaptick Watch App.app */; settings = {ATTRIBUTES = (RemoveHeadersOnCopy, ); }; };
		4FC942842BD2DEE0009139F6 /* haptaptickApp.swift in Sources */ = {isa = PBXBuildFile; fileRef = 4FC942832BD2DEE0009139F6 /* haptaptickApp.swift */; };
		4FC942862BD2DEE0009139F6 /* ContentView.swift in Sources */ = {isa = PBXBuildFile; fileRef = 4FC942852BD2DEE0009139F6 /* ContentView.swift */; };
		4FC942882BD2DEE1009139F6 /* Assets.xcassets in Resources */ = {isa = PBXBuildFile; fileRef = 4FC942872BD2DEE1009139F6 /* Assets.xcassets */; };
		4FC9428B2BD2DEE1009139F6 /* Preview Assets.xcassets in Resources */ = {isa = PBXBuildFile; fileRef = 4FC9428A2BD2DEE1009139F6 /* Preview Assets.xcassets */; };
/* End PBXBuildFile section */

/* Begin PBXContainerItemProxy section */
		4FC942802BD2DEE0009139F6 /* PBXContainerItemProxy */ = {
			isa = PBXContainerItemProxy;
			containerPortal = 4FC942662BD2DEDF009139F6 /* Project object */;
			proxyType = 1;
			remoteGlobalIDString = 4FC9427D2BD2DEE0009139F6;
			remoteInfo = "haptaptick Watch App";
		};
/* End PBXContainerItemProxy section */

/* Begin PBXCopyFilesBuildPhase section */
		4FC942912BD2DEE1009139F6 /* Embed Watch Content */ = {
			isa = PBXCopyFilesBuildPhase;
			buildActionMask = 2147483647;
			dstPath = "$(CONTENTS_FOLDER_PATH)/Watch";
			dstSubfolderSpec = 16;
			files = (
				4FC9427F2BD2DEE0009139F6 /* haptaptick Watch App.app in Embed Watch Content */,
			);
			name = "Embed Watch Content";
			runOnlyForDeploymentPostprocessing = 0;
		};
/* End PBXCopyFilesBuildPhase section */

/* Begin PBXFileReference section */
		4FC9426E2BD2DEDF009139F6 /* haptaptick.app */ = {isa = PBXFileReference; explicitFileType = wrapper.application; includeInIndex = 0; path = haptaptick.app; sourceTree = BUILT_PRODUCTS_DIR; };
		4FC942712BD2DEDF009139F6 /* haptaptickApp.swift */ = {isa = PBXFileReference; lastKnownFileType = sourcecode.swift; path = haptaptickApp.swift; sourceTree = "<group>"; };
		4FC942732BD2DEDF009139F6 /* ContentView.swift */ = {isa = PBXFileReference; lastKnownFileType = sourcecode.swift; path = ContentView.swift; sourceTree = "<group>"; };
		4FC942752BD2DEE0009139F6 /* Assets.xcassets */ = {isa = PBXFileReference; lastKnownFileType = folder.assetcatalog; path = Assets.xcassets; sourceTree = "<group>"; };
		4FC942782BD2DEE0009139F6 /* Preview Assets.xcassets */ = {isa = PBXFileReference; lastKnownFileType = folder.assetcatalog; path = "Preview Assets.xcassets"; sourceTree = "<group>"; };
		4FC9427E2BD2DEE0009139F6 /* haptaptick Watch App.app */ = {isa = PBXFileReference; explicitFileType = wrapper.application; includeInIndex = 0; path = "haptaptick Watch App.app"; sourceTree = BUILT_PRODUCTS_DIR; };
		4FC942832BD2DEE0009139F6 /* haptaptickApp.swift */ = {isa = PBXFileReference; lastKnownFileType = sourcecode.swift; path = haptaptickApp.swift; sourceTree = "<group>"; };
		4FC942852BD2DEE0009139F6 /* ContentView.swift */ = {isa = PBXFileReference; lastKnownFileType = sourcecode.swift; path = ContentView.swift; sourceTree = "<group>"; };
		4FC942872BD2DEE1009139F6 /* Assets.xcassets */ = {isa = PBXFileReference; lastKnownFileType = folder.assetcatalog; path = Assets.xcassets; sourceTree = "<group>"; };
		4FC9428A2BD2DEE1009139F6 /* Preview Assets.xcassets */ = {isa = PBXFileReference; lastKnownFileType = folder.assetcatalog; path = "Preview Assets.xcassets"; sourceTree = "<group>"; };
/* End PBXFileReference section */

/* Begin PBXFrameworksBuildPhase section */
		4FC9426B2BD2DEDF009139F6 /* Frameworks */ = {
			isa = PBXFrameworksBuildPhase;
			buildActionMask = 2147483647;
			files = (
			);
			runOnlyForDeploymentPostprocessing = 0;
		};
		4FC9427B2BD2DEE0009139F6 /* Frameworks */ = {
			isa = PBXFrameworksBuildPhase;
			buildActionMask = 2147483647;
			files = (
			);
			runOnlyForDeploymentPostprocessing = 0;
		};
/* End PBXFrameworksBuildPhase section */

/* Begin PBXGroup section */
		4FC942652BD2DEDF009139F6 = {
			isa = PBXGroup;
			children = (
				4FC942702BD2DEDF009139F6 /* haptaptick */,
				4FC942822BD2DEE0009139F6 /* haptaptick Watch App */,
				4FC9426F2BD2DEDF009139F6 /* Products */,
			);
			sourceTree = "<group>";
		};
		4FC9426F2BD2DEDF009139F6 /* Products */ = {
			isa = PBXGroup;
			children = (
				4FC9426E2BD2DEDF009139F6 /* haptaptick.app */,
				4FC9427E2BD2DEE0009139F6 /* haptaptick Watch App.app */,
			);
			name = Products;
			sourceTree = "<group>";
		};
		4FC942702BD2DEDF009139F6 /* haptaptick */ = {
			isa = PBXGroup;
			children = (
				4FC942712BD2DEDF009139F6 /* haptaptickApp.swift */,
				4FC942732BD2DEDF009139F6 /* ContentView.swift */,
				4FC942752BD2DEE0009139F6 /* Assets.xcassets */,
				4FC942772BD2DEE0009139F6 /* Preview Content */,
			);
			path = haptaptick;
			sourceTree = "<group>";
		};
		4FC942772BD2DEE0009139F6 /* Preview Content */ = {
			isa = PBXGroup;
			children = (
				4FC942782BD2DEE0009139F6 /* Preview Assets.xcassets */,
			);
			path = "Preview Content";
			sourceTree = "<group>";
		};
		4FC942822BD2DEE0009139F6 /* haptaptick Watch App */ = {
			isa = PBXGroup;
			children = (
				4FC942832BD2DEE0009139F6 /* haptaptickApp.swift */,
				4FC942852BD2DEE0009139F6 /* ContentView.swift */,
				4FC942872BD2DEE1009139F6 /* Assets.xcassets */,
				4FC942892BD2DEE1009139F6 /* Preview Content */,
			);
			path = "haptaptick Watch App";
			sourceTree = "<group>";
		};
		4FC942892BD2DEE1009139F6 /* Preview Content */ = {
			isa = PBXGroup;
			children = (
				4FC9428A2BD2DEE1009139F6 /* Preview Assets.xcassets */,
			);
			path = "Preview Content";
			sourceTree = "<group>";
		};
/* End PBXGroup section */

/* Begin PBXNativeTarget section */
		4FC9426D2BD2DEDF009139F6 /* haptaptick */ = {
			isa = PBXNativeTarget;
			buildConfigurationList = 4FC942922BD2DEE1009139F6 /* Build configuration list for PBXNativeTarget "haptaptick" */;
			buildPhases = (
				4FC9426A2BD2DEDF009139F6 /* Sources */,
				4FC9426B2BD2DEDF009139F6 /* Frameworks */,
				4FC9426C2BD2DEDF009139F6 /* Resources */,
				4FC942912BD2DEE1009139F6 /* Embed Watch Content */,
			);
			buildRules = (
			);
			dependencies = (
				4FC942812BD2DEE0009139F6 /* PBXTargetDependency */,
			);
			name = haptaptick;
			productName = haptaptick;
			productReference = 4FC9426E2BD2DEDF009139F6 /* haptaptick.app */;
			productType = "com.apple.product-type.application";
		};
		4FC9427D2BD2DEE0009139F6 /* haptaptick Watch App */ = {
			isa = PBXNativeTarget;
			buildConfigurationList = 4FC9428E2BD2DEE1009139F6 /* Build configuration list for PBXNativeTarget "haptaptick Watch App" */;
			buildPhases = (
				4FC9427A2BD2DEE0009139F6 /* Sources */,
				4FC9427B2BD2DEE0009139F6 /* Frameworks */,
				4FC9427C2BD2DEE0009139F6 /* Resources */,
			);
			buildRules = (
			);
			dependencies = (
			);
			name = "haptaptick Watch App";
			productName = "haptaptick Watch App";
			productReference = 4FC9427E2BD2DEE0009139F6 /* haptaptick Watch App.app */;
			productType = "com.apple.product-type.application";
		};
/* End PBXNativeTarget section */

/* Begin PBXProject section */
		4FC942662BD2DEDF009139F6 /* Project object */ = {
			isa = PBXProject;
			attributes = {
				BuildIndependentTargetsInParallel = 1;
				LastSwiftUpdateCheck = 1530;
				LastUpgradeCheck = 1530;
				TargetAttributes = {
					4FC9426D2BD2DEDF009139F6 = {
						CreatedOnToolsVersion = 15.3;
					};
					4FC9427D2BD2DEE0009139F6 = {
						CreatedOnToolsVersion = 15.3;
					};
				};
			};
			buildConfigurationList = 4FC942692BD2DEDF009139F6 /* Build configuration list for PBXProject "haptaptick" */;
			compatibilityVersion = "Xcode 14.0";
			developmentRegion = en;
			hasScannedForEncodings = 0;
			knownRegions = (
				en,
				Base,
			);
			mainGroup = 4FC942652BD2DEDF009139F6;
			productRefGroup = 4FC9426F2BD2DEDF009139F6 /* Products */;
			projectDirPath = "";
			projectRoot = "";
			targets = (
				4FC9426D2BD2DEDF009139F6 /* haptaptick */,
				4FC9427D2BD2DEE0009139F6 /* haptaptick Watch App */,
			);
		};
/* End PBXProject section */

/* Begin PBXResourcesBuildPhase section */
		4FC9426C2BD2DEDF009139F6 /* Resources */ = {
			isa = PBXResourcesBuildPhase;
			buildActionMask = 2147483647;
			files = (
				4FC942792BD2DEE0009139F6 /* Preview Assets.xcassets in Resources */,
				4FC942762BD2DEE0009139F6 /* Assets.xcassets in Resources */,
			);
			runOnlyForDeploymentPostprocessing = 0;
		};
		4FC9427C2BD2DEE0009139F6 /* Resources */ = {
			isa = PBXResourcesBuildPhase;
			buildActionMask = 2147483647;
			files = (
				4FC9428B2BD2DEE1009139F6 /* Preview Assets.xcassets in Resources */,
				4FC942882BD2DEE1009139F6 /* Assets.xcassets in Resources */,
			);
			runOnlyForDeploymentPostprocessing = 0;
		};
/* End PBXResourcesBuildPhase section */

/* Begin PBXSourcesBuildPhase section */
		4FC9426A2BD2DEDF009139F6 /* Sources */ = {
			isa = PBXSourcesBuildPhase;
			buildActionMask = 2147483647;
			files = (
				4FC942742BD2DEDF009139F6 /* ContentView.swift in Sources */,
				4FC942722BD2DEDF009139F6 /* haptaptickApp.swift in Sources */,
			);
			runOnlyForDeploymentPostprocessing = 0;
		};
		4FC9427A2BD2DEE0009139F6 /* Sources */ = {
			isa = PBXSourcesBuildPhase;
			buildActionMask = 2147483647;
			files = (
				4FC942862BD2DEE0009139F6 /* ContentView.swift in Sources */,
				4FC942842BD2DEE0009139F6 /* haptaptickApp.swift in Sources */,
			);
			runOnlyForDeploymentPostprocessing = 0;
		};
/* End PBXSourcesBuildPhase section */

/* Begin PBXTargetDependency section */
		4FC942812BD2DEE0009139F6 /* PBXTargetDependency */ = {
			isa = PBXTargetDependency;
			target = 4FC9427D2BD2DEE0009139F6 /* haptaptick Watch App */;
			targetProxy = 4FC942802BD2DEE0009139F6 /* PBXContainerItemProxy */;
		};
/* End PBXTargetDependency section */

/* Begin XCBuildConfiguration section */
		4FC9428C2BD2DEE1009139F6 /* Debug */ = {
			isa = XCBuildConfiguration;
			buildSettings = {
				ALWAYS_SEARCH_USER_PATHS = NO;
				ASSETCATALOG_COMPILER_GENERATE_SWIFT_ASSET_SYMBOL_EXTENSIONS = YES;
				CLANG_ANALYZER_NONNULL = YES;
				CLANG_ANALYZER_NUMBER_OBJECT_CONVERSION = YES_AGGRESSIVE;
				CLANG_CXX_LANGUAGE_STANDARD = "gnu++20";
				CLANG_ENABLE_MODULES = YES;
				CLANG_ENABLE_OBJC_ARC = YES;
				CLANG_ENABLE_OBJC_WEAK = YES;
				CLANG_WARN_BLOCK_CAPTURE_AUTORELEASING = YES;
				CLANG_WARN_BOOL_CONVERSION = YES;
				CLANG_WARN_COMMA = YES;
				CLANG_WARN_CONSTANT_CONVERSION = YES;
				CLANG_WARN_DEPRECATED_OBJC_IMPLEMENTATIONS = YES;
				CLANG_WARN_DIRECT_OBJC_ISA_USAGE = YES_ERROR;
				CLANG_WARN_DOCUMENTATION_COMMENTS = YES;
				CLANG_WARN_EMPTY_BODY = YES;
				CLANG_WARN_ENUM_CONVERSION = YES;
				CLANG_WARN_INFINITE_RECURSION = YES;
				CLANG_WARN_INT_CONVERSION = YES;
				CLANG_WARN_NON_LITERAL_NULL_CONVERSION = YES;
				CLANG_WARN_OBJC_IMPLICIT_RETAIN_SELF = YES;
				CLANG_WARN_OBJC_LITERAL_CONVERSION = YES;
				CLANG_WARN_OBJC_ROOT_CLASS = YES_ERROR;
				CLANG_WARN_QUOTED_INCLUDE_IN_FRAMEWORK_HEADER = YES;
				CLANG_WARN_RANGE_LOOP_ANALYSIS = YES;
				CLANG_WARN_STRICT_PROTOTYPES = YES;
				CLANG_WARN_SUSPICIOUS_MOVE = YES;
				CLANG_WARN_UNGUARDED_AVAILABILITY = YES_AGGRESSIVE;
				CLANG_WARN_UNREACHABLE_CODE = YES;
				CLANG_WARN__DUPLICATE_METHOD_MATCH = YES;
				COPY_PHASE_STRIP = NO;
				DEBUG_INFORMATION_FORMAT = dwarf;
				ENABLE_STRICT_OBJC_MSGSEND = YES;
				ENABLE_TESTABILITY = YES;
				ENABLE_USER_SCRIPT_SANDBOXING = YES;
				GCC_C_LANGUAGE_STANDARD = gnu17;
				GCC_DYNAMIC_NO_PIC = NO;
				GCC_NO_COMMON_BLOCKS = YES;
				GCC_OPTIMIZATION_LEVEL = 0;
				GCC_PREPROCESSOR_DEFINITIONS = (
					"DEBUG=1",
					"$(inherited)",
				);
				GCC_WARN_64_TO_32_BIT_CONVERSION = YES;
				GCC_WARN_ABOUT_RETURN_TYPE = YES_ERROR;
				GCC_WARN_UNDECLARED_SELECTOR = YES;
				GCC_WARN_UNINITIALIZED_AUTOS = YES_AGGRESSIVE;
				GCC_WARN_UNUSED_FUNCTION = YES;
				GCC_WARN_UNUSED_VARIABLE = YES;
				LOCALIZATION_PREFERS_STRING_CATALOGS = YES;
				MTL_ENABLE_DEBUG_INFO = INCLUDE_SOURCE;
				MTL_FAST_MATH = YES;
				ONLY_ACTIVE_ARCH = YES;
				SWIFT_ACTIVE_COMPILATION_CONDITIONS = "DEBUG $(inherited)";
				SWIFT_OPTIMIZATION_LEVEL = "-Onone";
			};
			name = Debug;
		};
		4FC9428D2BD2DEE1009139F6 /* Release */ = {
			isa = XCBuildConfiguration;
			buildSettings = {
				ALWAYS_SEARCH_USER_PATHS = NO;
				ASSETCATALOG_COMPILER_GENERATE_SWIFT_ASSET_SYMBOL_EXTENSIONS = YES;
				CLANG_ANALYZER_NONNULL = YES;
				CLANG_ANALYZER_NUMBER_OBJECT_CONVERSION = YES_AGGRESSIVE;
				CLANG_CXX_LANGUAGE_STANDARD = "gnu++20";
				CLANG_ENABLE_MODULES = YES;
				CLANG_ENABLE_OBJC_ARC = YES;
				CLANG_ENABLE_OBJC_WEAK = YES;
				CLANG_WARN_BLOCK_CAPTURE_AUTORELEASING = YES;
				CLANG_WARN_BOOL_CONVERSION = YES;
				CLANG_WARN_COMMA = YES;
				CLANG_WARN_CONSTANT_CONVERSION = YES;
				CLANG_WARN_DEPRECATED_OBJC_IMPLEMENTATIONS = YES;
				CLANG_WARN_DIRECT_OBJC_ISA_USAGE = YES_ERROR;
				CLANG_WARN_DOCUMENTATION_COMMENTS = YES;
				CLANG_WARN_EMPTY_BODY = YES;
				CLANG_WARN_ENUM_CONVERSION = YES;
				CLANG_WARN_INFINITE_RECURSION = YES;
				CLANG_WARN_INT_CONVERSION = YES;
				CLANG_WARN_NON_LITERAL_NULL_CONVERSION = YES;
				CLANG_WARN_OBJC_IMPLICIT_RETAIN_SELF = YES;
				CLANG_WARN_OBJC_LITERAL_CONVERSION = YES;
				CLANG_WARN_OBJC_ROOT_CLASS = YES_ERROR;
				CLANG_WARN_QUOTED_INCLUDE_IN_FRAMEWORK_HEADER = YES;
				CLANG_WARN_RANGE_LOOP_ANALYSIS = YES;
				CLANG_WARN_STRICT_PROTOTYPES = YES;
				CLANG_WARN_SUSPICIOUS_MOVE = YES;
				CLANG_WARN_UNGUARDED_AVAILABILITY = YES_AGGRESSIVE;
				CLANG_WARN_UNREACHABLE_CODE = YES;
				CLANG_WARN__DUPLICATE_METHOD_MATCH = YES;
				COPY_PHASE_STRIP = NO;
				DEBUG_INFORMATION_FORMAT = "dwarf-with-dsym";
				ENABLE_NS_ASSERTIONS = NO;
				ENABLE_STRICT_OBJC_MSGSEND = YES;
				ENABLE_USER_SCRIPT_SANDBOXING = YES;
				GCC_C_LANGUAGE_STANDARD = gnu17;
				GCC_NO_COMMON_BLOCKS = YES;
				GCC_WARN_64_TO_32_BIT_CONVERSION = YES;
				GCC_WARN_ABOUT_RETURN_TYPE = YES_ERROR;
				GCC_WARN_UNDECLARED_SELECTOR = YES;
				GCC_WARN_UNINITIALIZED_AUTOS = YES_AGGRESSIVE;
				GCC_WARN_UNUSED_FUNCTION = YES;
				GCC_WARN_UNUSED_VARIABLE = YES;
				LOCALIZATION_PREFERS_STRING_CATALOGS = YES;
				MTL_ENABLE_DEBUG_INFO = NO;
				MTL_FAST_MATH = YES;
				SWIFT_COMPILATION_MODE = wholemodule;
			};
			name = Release;
		};
		4FC9428F2BD2DEE1009139F6 /* Debug */ = {
			isa = XCBuildConfiguration;
			buildSettings = {
				ASSETCATALOG_COMPILER_APPICON_NAME = AppIcon;
				ASSETCATALOG_COMPILER_GLOBAL_ACCENT_COLOR_NAME = AccentColor;
				CODE_SIGN_STYLE = Automatic;
				CURRENT_PROJECT_VERSION = 1;
				DEVELOPMENT_ASSET_PATHS = "\"haptaptick Watch App/Preview Content\"";
				DEVELOPMENT_TEAM = ZL96A3AF4D;
				ENABLE_PREVIEWS = YES;
				GENERATE_INFOPLIST_FILE = YES;
				INFOPLIST_KEY_CFBundleDisplayName = haptaptick;
				INFOPLIST_KEY_UISupportedInterfaceOrientations = "UIInterfaceOrientationPortrait UIInterfaceOrientationPortraitUpsideDown";
				INFOPLIST_KEY_WKCompanionAppBundleIdentifier = com.jtay9562.haptaptick;
				LD_RUNPATH_SEARCH_PATHS = (
					"$(inherited)",
					"@executable_path/Frameworks",
				);
				MARKETING_VERSION = 1.0;
				PRODUCT_BUNDLE_IDENTIFIER = com.jtay9562.haptaptick.watchkitapp;
				PRODUCT_NAME = "$(TARGET_NAME)";
				SDKROOT = watchos;
				SKIP_INSTALL = YES;
				SWIFT_EMIT_LOC_STRINGS = YES;
				SWIFT_VERSION = 5.0;
				TARGETED_DEVICE_FAMILY = 4;
				WATCHOS_DEPLOYMENT_TARGET = 10.4;
			};
			name = Debug;
		};
		4FC942902BD2DEE1009139F6 /* Release */ = {
			isa = XCBuildConfiguration;
			buildSettings = {
				ASSETCATALOG_COMPILER_APPICON_NAME = AppIcon;
				ASSETCATALOG_COMPILER_GLOBAL_ACCENT_COLOR_NAME = AccentColor;
				CODE_SIGN_STYLE = Automatic;
				CURRENT_PROJECT_VERSION = 1;
				DEVELOPMENT_ASSET_PATHS = "\"haptaptick Watch App/Preview Content\"";
				DEVELOPMENT_TEAM = ZL96A3AF4D;
				ENABLE_PREVIEWS = YES;
				GENERATE_INFOPLIST_FILE = YES;
				INFOPLIST_KEY_CFBundleDisplayName = haptaptick;
				INFOPLIST_KEY_UISupportedInterfaceOrientations = "UIInterfaceOrientationPortrait UIInterfaceOrientationPortraitUpsideDown";
				INFOPLIST_KEY_WKCompanionAppBundleIdentifier = com.jtay9562.haptaptick;
				LD_RUNPATH_SEARCH_PATHS = (
					"$(inherited)",
					"@executable_path/Frameworks",
				);
				MARKETING_VERSION = 1.0;
				PRODUCT_BUNDLE_IDENTIFIER = com.jtay9562.haptaptick.watchkitapp;
				PRODUCT_NAME = "$(TARGET_NAME)";
				SDKROOT = watchos;
				SKIP_INSTALL = YES;
				SWIFT_EMIT_LOC_STRINGS = YES;
				SWIFT_VERSION = 5.0;
				TARGETED_DEVICE_FAMILY = 4;
				VALIDATE_PRODUCT = YES;
				WATCHOS_DEPLOYMENT_TARGET = 10.4;
			};
			name = Release;
		};
		4FC942932BD2DEE1009139F6 /* Debug */ = {
			isa = XCBuildConfiguration;
			buildSettings = {
				ALWAYS_EMBED_SWIFT_STANDARD_LIBRARIES = YES;
				ASSETCATALOG_COMPILER_APPICON_NAME = AppIcon;
				ASSETCATALOG_COMPILER_GLOBAL_ACCENT_COLOR_NAME = AccentColor;
				CODE_SIGN_STYLE = Automatic;
				CURRENT_PROJECT_VERSION = 1;
				DEVELOPMENT_ASSET_PATHS = "\"haptaptick/Preview Content\"";
				DEVELOPMENT_TEAM = ZL96A3AF4D;
				ENABLE_PREVIEWS = YES;
				GENERATE_INFOPLIST_FILE = YES;
				INFOPLIST_KEY_CFBundleDisplayName = haptaptick;
				INFOPLIST_KEY_UIApplicationSceneManifest_Generation = YES;
				INFOPLIST_KEY_UIApplicationSupportsIndirectInputEvents = YES;
				INFOPLIST_KEY_UILaunchScreen_Generation = YES;
				INFOPLIST_KEY_UISupportedInterfaceOrientations_iPad = "UIInterfaceOrientationPortrait UIInterfaceOrientationPortraitUpsideDown UIInterfaceOrientationLandscapeLeft UIInterfaceOrientationLandscapeRight";
				INFOPLIST_KEY_UISupportedInterfaceOrientations_iPhone = "UIInterfaceOrientationPortrait UIInterfaceOrientationLandscapeLeft UIInterfaceOrientationLandscapeRight";
				IPHONEOS_DEPLOYMENT_TARGET = 17.4;
				LD_RUNPATH_SEARCH_PATHS = (
					"$(inherited)",
					"@executable_path/Frameworks",
				);
				MARKETING_VERSION = 1.0;
				PRODUCT_BUNDLE_IDENTIFIER = com.jtay9562.haptaptick;
				PRODUCT_NAME = "$(TARGET_NAME)";
				SDKROOT = iphoneos;
				SWIFT_EMIT_LOC_STRINGS = YES;
				SWIFT_VERSION = 5.0;
				TARGETED_DEVICE_FAMILY = "1,2";
			};
			name = Debug;
		};
		4FC942942BD2DEE1009139F6 /* Release */ = {
			isa = XCBuildConfiguration;
			buildSettings = {
				ALWAYS_EMBED_SWIFT_STANDARD_LIBRARIES = YES;
				ASSETCATALOG_COMPILER_APPICON_NAME = AppIcon;
				ASSETCATALOG_COMPILER_GLOBAL_ACCENT_COLOR_NAME = AccentColor;
				CODE_SIGN_STYLE = Automatic;
				CURRENT_PROJECT_VERSION = 1;
				DEVELOPMENT_ASSET_PATHS = "\"haptaptick/Preview Content\"";
				DEVELOPMENT_TEAM = ZL96A3AF4D;
				ENABLE_PREVIEWS = YES;
				GENERATE_INFOPLIST_FILE = YES;
				INFOPLIST_KEY_CFBundleDisplayName = haptaptick;
				INFOPLIST_KEY_UIApplicationSceneManifest_Generation = YES;
				INFOPLIST_KEY_UIApplicationSupportsIndirectInputEvents = YES;
				INFOPLIST_KEY_UILaunchScreen_Generation = YES;
				INFOPLIST_KEY_UISupportedInterfaceOrientations_iPad = "UIInterfaceOrientationPortrait UIInterfaceOrientationPortraitUpsideDown UIInterfaceOrientationLandscapeLeft UIInterfaceOrientationLandscapeRight";
				INFOPLIST_KEY_UISupportedInterfaceOrientations_iPhone = "UIInterfaceOrientationPortrait UIInterfaceOrientationLandscapeLeft UIInterfaceOrientationLandscapeRight";
				IPHONEOS_DEPLOYMENT_TARGET = 17.4;
				LD_RUNPATH_SEARCH_PATHS = (
					"$(inherited)",
					"@executable_path/Frameworks",
				);
				MARKETING_VERSION = 1.0;
				PRODUCT_BUNDLE_IDENTIFIER = com.jtay9562.haptaptick;
				PRODUCT_NAME = "$(TARGET_NAME)";
				SDKROOT = iphoneos;
				SWIFT_EMIT_LOC_STRINGS = YES;
				SWIFT_VERSION = 5.0;
				TARGETED_DEVICE_FAMILY = "1,2";
				VALIDATE_PRODUCT = YES;
			};
			name = Release;
		};
/* End XCBuildConfiguration section */

/* Begin XCConfigurationList section */
		4FC942692BD2DEDF009139F6 /* Build configuration list for PBXProject "haptaptick" */ = {
			isa = XCConfigurationList;
			buildConfigurations = (
				4FC9428C2BD2DEE1009139F6 /* Debug */,
				4FC9428D2BD2DEE1009139F6 /* Release */,
			);
			defaultConfigurationIsVisible = 0;
			defaultConfigurationName = Release;
		};
		4FC9428E2BD2DEE1009139F6 /* Build configuration list for PBXNativeTarget "haptaptick Watch App" */ = {
			isa = XCConfigurationList;
			buildConfigurations = (
				4FC9428F2BD2DEE1009139F6 /* Debug */,
				4FC942902BD2DEE1009139F6 /* Release */,
			);
			defaultConfigurationIsVisible = 0;
			defaultConfigurationName = Release;
		};
		4FC942922BD2DEE1009139F6 /* Build configuration list for PBXNativeTarget "haptaptick" */ = {
			isa = XCConfigurationList;
			buildConfigurations = (
				4FC942932BD2DEE1009139F6 /* Debug */,
				4FC942942BD2DEE1009139F6 /* Release */,
			);
			defaultConfigurationIsVisible = 0;
			defaultConfigurationName = Release;
		};
/* End XCConfigurationList section */
	};
	rootObject = 4FC942662BD2DEDF009139F6 /* Project object */;
}
