// !$*UTF8*$!
{
	archiveVersion = 1;
	classes = {
	};
	objectVersion = 56;
	objects = {

/* Begin PBXBuildFile section */
		4F6A08182BD29577000B3F8A /* tapkickApp.swift in Sources */ = {isa = PBXBuildFile; fileRef = 4F6A08172BD29577000B3F8A /* tapkickApp.swift */; };
		4F6A081A2BD29577000B3F8A /* ContentView.swift in Sources */ = {isa = PBXBuildFile; fileRef = 4F6A08192BD29577000B3F8A /* ContentView.swift */; };
		4F6A081C2BD29578000B3F8A /* Assets.xcassets in Resources */ = {isa = PBXBuildFile; fileRef = 4F6A081B2BD29578000B3F8A /* Assets.xcassets */; };
		4F6A081F2BD29578000B3F8A /* Preview Assets.xcassets in Resources */ = {isa = PBXBuildFile; fileRef = 4F6A081E2BD29578000B3F8A /* Preview Assets.xcassets */; };
		4F6A08252BD29578000B3F8A /* tapkick Watch App.app in Embed Watch Content */ = {isa = PBXBuildFile; fileRef = 4F6A08242BD29578000B3F8A /* tapkick Watch App.app */; settings = {ATTRIBUTES = (RemoveHeadersOnCopy, ); }; };
		4F6A082A2BD29578000B3F8A /* tapkickApp.swift in Sources */ = {isa = PBXBuildFile; fileRef = 4F6A08292BD29578000B3F8A /* tapkickApp.swift */; };
		4F6A082C2BD29578000B3F8A /* ContentView.swift in Sources */ = {isa = PBXBuildFile; fileRef = 4F6A082B2BD29578000B3F8A /* ContentView.swift */; };
		4F6A082E2BD29579000B3F8A /* Assets.xcassets in Resources */ = {isa = PBXBuildFile; fileRef = 4F6A082D2BD29579000B3F8A /* Assets.xcassets */; };
		4F6A08312BD29579000B3F8A /* Preview Assets.xcassets in Resources */ = {isa = PBXBuildFile; fileRef = 4F6A08302BD29579000B3F8A /* Preview Assets.xcassets */; };
/* End PBXBuildFile section */

/* Begin PBXContainerItemProxy section */
		4F6A08262BD29578000B3F8A /* PBXContainerItemProxy */ = {
			isa = PBXContainerItemProxy;
			containerPortal = 4F6A080C2BD29577000B3F8A /* Project object */;
			proxyType = 1;
			remoteGlobalIDString = 4F6A08232BD29578000B3F8A;
			remoteInfo = "tapkick Watch App";
		};
/* End PBXContainerItemProxy section */

/* Begin PBXCopyFilesBuildPhase section */
		4F6A08372BD29579000B3F8A /* Embed Watch Content */ = {
			isa = PBXCopyFilesBuildPhase;
			buildActionMask = 2147483647;
			dstPath = "$(CONTENTS_FOLDER_PATH)/Watch";
			dstSubfolderSpec = 16;
			files = (
				4F6A08252BD29578000B3F8A /* tapkick Watch App.app in Embed Watch Content */,
			);
			name = "Embed Watch Content";
			runOnlyForDeploymentPostprocessing = 0;
		};
/* End PBXCopyFilesBuildPhase section */

/* Begin PBXFileReference section */
		4F6A08142BD29577000B3F8A /* tapkick.app */ = {isa = PBXFileReference; explicitFileType = wrapper.application; includeInIndex = 0; path = tapkick.app; sourceTree = BUILT_PRODUCTS_DIR; };
		4F6A08172BD29577000B3F8A /* tapkickApp.swift */ = {isa = PBXFileReference; lastKnownFileType = sourcecode.swift; path = tapkickApp.swift; sourceTree = "<group>"; };
		4F6A08192BD29577000B3F8A /* ContentView.swift */ = {isa = PBXFileReference; lastKnownFileType = sourcecode.swift; path = ContentView.swift; sourceTree = "<group>"; };
		4F6A081B2BD29578000B3F8A /* Assets.xcassets */ = {isa = PBXFileReference; lastKnownFileType = folder.assetcatalog; path = Assets.xcassets; sourceTree = "<group>"; };
		4F6A081E2BD29578000B3F8A /* Preview Assets.xcassets */ = {isa = PBXFileReference; lastKnownFileType = folder.assetcatalog; path = "Preview Assets.xcassets"; sourceTree = "<group>"; };
		4F6A08242BD29578000B3F8A /* tapkick Watch App.app */ = {isa = PBXFileReference; explicitFileType = wrapper.application; includeInIndex = 0; path = "tapkick Watch App.app"; sourceTree = BUILT_PRODUCTS_DIR; };
		4F6A08292BD29578000B3F8A /* tapkickApp.swift */ = {isa = PBXFileReference; lastKnownFileType = sourcecode.swift; path = tapkickApp.swift; sourceTree = "<group>"; };
		4F6A082B2BD29578000B3F8A /* ContentView.swift */ = {isa = PBXFileReference; lastKnownFileType = sourcecode.swift; path = ContentView.swift; sourceTree = "<group>"; };
		4F6A082D2BD29579000B3F8A /* Assets.xcassets */ = {isa = PBXFileReference; lastKnownFileType = folder.assetcatalog; path = Assets.xcassets; sourceTree = "<group>"; };
		4F6A08302BD29579000B3F8A /* Preview Assets.xcassets */ = {isa = PBXFileReference; lastKnownFileType = folder.assetcatalog; path = "Preview Assets.xcassets"; sourceTree = "<group>"; };
/* End PBXFileReference section */

/* Begin PBXFrameworksBuildPhase section */
		4F6A08112BD29577000B3F8A /* Frameworks */ = {
			isa = PBXFrameworksBuildPhase;
			buildActionMask = 2147483647;
			files = (
			);
			runOnlyForDeploymentPostprocessing = 0;
		};
		4F6A08212BD29578000B3F8A /* Frameworks */ = {
			isa = PBXFrameworksBuildPhase;
			buildActionMask = 2147483647;
			files = (
			);
			runOnlyForDeploymentPostprocessing = 0;
		};
/* End PBXFrameworksBuildPhase section */

/* Begin PBXGroup section */
		4F6A080B2BD29577000B3F8A = {
			isa = PBXGroup;
			children = (
				4F6A08162BD29577000B3F8A /* tapkick */,
				4F6A08282BD29578000B3F8A /* tapkick Watch App */,
				4F6A08152BD29577000B3F8A /* Products */,
			);
			sourceTree = "<group>";
		};
		4F6A08152BD29577000B3F8A /* Products */ = {
			isa = PBXGroup;
			children = (
				4F6A08142BD29577000B3F8A /* tapkick.app */,
				4F6A08242BD29578000B3F8A /* tapkick Watch App.app */,
			);
			name = Products;
			sourceTree = "<group>";
		};
		4F6A08162BD29577000B3F8A /* tapkick */ = {
			isa = PBXGroup;
			children = (
				4F6A08172BD29577000B3F8A /* tapkickApp.swift */,
				4F6A08192BD29577000B3F8A /* ContentView.swift */,
				4F6A081B2BD29578000B3F8A /* Assets.xcassets */,
				4F6A081D2BD29578000B3F8A /* Preview Content */,
			);
			path = tapkick;
			sourceTree = "<group>";
		};
		4F6A081D2BD29578000B3F8A /* Preview Content */ = {
			isa = PBXGroup;
			children = (
				4F6A081E2BD29578000B3F8A /* Preview Assets.xcassets */,
			);
			path = "Preview Content";
			sourceTree = "<group>";
		};
		4F6A08282BD29578000B3F8A /* tapkick Watch App */ = {
			isa = PBXGroup;
			children = (
				4F6A08292BD29578000B3F8A /* tapkickApp.swift */,
				4F6A082B2BD29578000B3F8A /* ContentView.swift */,
				4F6A082D2BD29579000B3F8A /* Assets.xcassets */,
				4F6A082F2BD29579000B3F8A /* Preview Content */,
			);
			path = "tapkick Watch App";
			sourceTree = "<group>";
		};
		4F6A082F2BD29579000B3F8A /* Preview Content */ = {
			isa = PBXGroup;
			children = (
				4F6A08302BD29579000B3F8A /* Preview Assets.xcassets */,
			);
			path = "Preview Content";
			sourceTree = "<group>";
		};
/* End PBXGroup section */

/* Begin PBXNativeTarget section */
		4F6A08132BD29577000B3F8A /* tapkick */ = {
			isa = PBXNativeTarget;
			buildConfigurationList = 4F6A08382BD29579000B3F8A /* Build configuration list for PBXNativeTarget "tapkick" */;
			buildPhases = (
				4F6A08102BD29577000B3F8A /* Sources */,
				4F6A08112BD29577000B3F8A /* Frameworks */,
				4F6A08122BD29577000B3F8A /* Resources */,
				4F6A08372BD29579000B3F8A /* Embed Watch Content */,
			);
			buildRules = (
			);
			dependencies = (
				4F6A08272BD29578000B3F8A /* PBXTargetDependency */,
			);
			name = tapkick;
			productName = tapkick;
			productReference = 4F6A08142BD29577000B3F8A /* tapkick.app */;
			productType = "com.apple.product-type.application";
		};
		4F6A08232BD29578000B3F8A /* tapkick Watch App */ = {
			isa = PBXNativeTarget;
			buildConfigurationList = 4F6A08342BD29579000B3F8A /* Build configuration list for PBXNativeTarget "tapkick Watch App" */;
			buildPhases = (
				4F6A08202BD29578000B3F8A /* Sources */,
				4F6A08212BD29578000B3F8A /* Frameworks */,
				4F6A08222BD29578000B3F8A /* Resources */,
			);
			buildRules = (
			);
			dependencies = (
			);
			name = "tapkick Watch App";
			productName = "tapkick Watch App";
			productReference = 4F6A08242BD29578000B3F8A /* tapkick Watch App.app */;
			productType = "com.apple.product-type.application";
		};
/* End PBXNativeTarget section */

/* Begin PBXProject section */
		4F6A080C2BD29577000B3F8A /* Project object */ = {
			isa = PBXProject;
			attributes = {
				BuildIndependentTargetsInParallel = 1;
				LastSwiftUpdateCheck = 1530;
				LastUpgradeCheck = 1530;
				TargetAttributes = {
					4F6A08132BD29577000B3F8A = {
						CreatedOnToolsVersion = 15.3;
					};
					4F6A08232BD29578000B3F8A = {
						CreatedOnToolsVersion = 15.3;
					};
				};
			};
			buildConfigurationList = 4F6A080F2BD29577000B3F8A /* Build configuration list for PBXProject "tapkick" */;
			compatibilityVersion = "Xcode 14.0";
			developmentRegion = en;
			hasScannedForEncodings = 0;
			knownRegions = (
				en,
				Base,
			);
			mainGroup = 4F6A080B2BD29577000B3F8A;
			productRefGroup = 4F6A08152BD29577000B3F8A /* Products */;
			projectDirPath = "";
			projectRoot = "";
			targets = (
				4F6A08132BD29577000B3F8A /* tapkick */,
				4F6A08232BD29578000B3F8A /* tapkick Watch App */,
			);
		};
/* End PBXProject section */

/* Begin PBXResourcesBuildPhase section */
		4F6A08122BD29577000B3F8A /* Resources */ = {
			isa = PBXResourcesBuildPhase;
			buildActionMask = 2147483647;
			files = (
				4F6A081F2BD29578000B3F8A /* Preview Assets.xcassets in Resources */,
				4F6A081C2BD29578000B3F8A /* Assets.xcassets in Resources */,
			);
			runOnlyForDeploymentPostprocessing = 0;
		};
		4F6A08222BD29578000B3F8A /* Resources */ = {
			isa = PBXResourcesBuildPhase;
			buildActionMask = 2147483647;
			files = (
				4F6A08312BD29579000B3F8A /* Preview Assets.xcassets in Resources */,
				4F6A082E2BD29579000B3F8A /* Assets.xcassets in Resources */,
			);
			runOnlyForDeploymentPostprocessing = 0;
		};
/* End PBXResourcesBuildPhase section */

/* Begin PBXSourcesBuildPhase section */
		4F6A08102BD29577000B3F8A /* Sources */ = {
			isa = PBXSourcesBuildPhase;
			buildActionMask = 2147483647;
			files = (
				4F6A081A2BD29577000B3F8A /* ContentView.swift in Sources */,
				4F6A08182BD29577000B3F8A /* tapkickApp.swift in Sources */,
			);
			runOnlyForDeploymentPostprocessing = 0;
		};
		4F6A08202BD29578000B3F8A /* Sources */ = {
			isa = PBXSourcesBuildPhase;
			buildActionMask = 2147483647;
			files = (
				4F6A082C2BD29578000B3F8A /* ContentView.swift in Sources */,
				4F6A082A2BD29578000B3F8A /* tapkickApp.swift in Sources */,
			);
			runOnlyForDeploymentPostprocessing = 0;
		};
/* End PBXSourcesBuildPhase section */

/* Begin PBXTargetDependency section */
		4F6A08272BD29578000B3F8A /* PBXTargetDependency */ = {
			isa = PBXTargetDependency;
			target = 4F6A08232BD29578000B3F8A /* tapkick Watch App */;
			targetProxy = 4F6A08262BD29578000B3F8A /* PBXContainerItemProxy */;
		};
/* End PBXTargetDependency section */

/* Begin XCBuildConfiguration section */
		4F6A08322BD29579000B3F8A /* Debug */ = {
			isa = XCBuildConfiguration;
			buildSettings = {
				ALWAYS_SEARCH_USER_PATHS = NO;
				ASSETCATALOG_COMPILER_GENERATE_SWIFT_ASSET_SYMBOL_EXTENSIONS = YES;
				CLANG_ANALYZER_NONNULL = YES;
				CLANG_ANALYZER_NUMBER_OBJECT_CONVERSION = YES_AGGRESSIVE;
				CLANG_CXX_LANGUAGE_STANDARD = "gnu++20";
				CLANG_ENABLE_MODULES = YES;
				CLANG_ENABLE_OBJC_ARC = YES;
				CLANG_ENABLE_OBJC_WEAK = YES;
				CLANG_WARN_BLOCK_CAPTURE_AUTORELEASING = YES;
				CLANG_WARN_BOOL_CONVERSION = YES;
				CLANG_WARN_COMMA = YES;
				CLANG_WARN_CONSTANT_CONVERSION = YES;
				CLANG_WARN_DEPRECATED_OBJC_IMPLEMENTATIONS = YES;
				CLANG_WARN_DIRECT_OBJC_ISA_USAGE = YES_ERROR;
				CLANG_WARN_DOCUMENTATION_COMMENTS = YES;
				CLANG_WARN_EMPTY_BODY = YES;
				CLANG_WARN_ENUM_CONVERSION = YES;
				CLANG_WARN_INFINITE_RECURSION = YES;
				CLANG_WARN_INT_CONVERSION = YES;
				CLANG_WARN_NON_LITERAL_NULL_CONVERSION = YES;
				CLANG_WARN_OBJC_IMPLICIT_RETAIN_SELF = YES;
				CLANG_WARN_OBJC_LITERAL_CONVERSION = YES;
				CLANG_WARN_OBJC_ROOT_CLASS = YES_ERROR;
				CLANG_WARN_QUOTED_INCLUDE_IN_FRAMEWORK_HEADER = YES;
				CLANG_WARN_RANGE_LOOP_ANALYSIS = YES;
				CLANG_WARN_STRICT_PROTOTYPES = YES;
				CLANG_WARN_SUSPICIOUS_MOVE = YES;
				CLANG_WARN_UNGUARDED_AVAILABILITY = YES_AGGRESSIVE;
				CLANG_WARN_UNREACHABLE_CODE = YES;
				CLANG_WARN__DUPLICATE_METHOD_MATCH = YES;
				COPY_PHASE_STRIP = NO;
				DEBUG_INFORMATION_FORMAT = dwarf;
				ENABLE_STRICT_OBJC_MSGSEND = YES;
				ENABLE_TESTABILITY = YES;
				ENABLE_USER_SCRIPT_SANDBOXING = YES;
				GCC_C_LANGUAGE_STANDARD = gnu17;
				GCC_DYNAMIC_NO_PIC = NO;
				GCC_NO_COMMON_BLOCKS = YES;
				GCC_OPTIMIZATION_LEVEL = 0;
				GCC_PREPROCESSOR_DEFINITIONS = (
					"DEBUG=1",
					"$(inherited)",
				);
				GCC_WARN_64_TO_32_BIT_CONVERSION = YES;
				GCC_WARN_ABOUT_RETURN_TYPE = YES_ERROR;
				GCC_WARN_UNDECLARED_SELECTOR = YES;
				GCC_WARN_UNINITIALIZED_AUTOS = YES_AGGRESSIVE;
				GCC_WARN_UNUSED_FUNCTION = YES;
				GCC_WARN_UNUSED_VARIABLE = YES;
				LOCALIZATION_PREFERS_STRING_CATALOGS = YES;
				MTL_ENABLE_DEBUG_INFO = INCLUDE_SOURCE;
				MTL_FAST_MATH = YES;
				ONLY_ACTIVE_ARCH = YES;
				SWIFT_ACTIVE_COMPILATION_CONDITIONS = "DEBUG $(inherited)";
				SWIFT_OPTIMIZATION_LEVEL = "-Onone";
			};
			name = Debug;
		};
		4F6A08332BD29579000B3F8A /* Release */ = {
			isa = XCBuildConfiguration;
			buildSettings = {
				ALWAYS_SEARCH_USER_PATHS = NO;
				ASSETCATALOG_COMPILER_GENERATE_SWIFT_ASSET_SYMBOL_EXTENSIONS = YES;
				CLANG_ANALYZER_NONNULL = YES;
				CLANG_ANALYZER_NUMBER_OBJECT_CONVERSION = YES_AGGRESSIVE;
				CLANG_CXX_LANGUAGE_STANDARD = "gnu++20";
				CLANG_ENABLE_MODULES = YES;
				CLANG_ENABLE_OBJC_ARC = YES;
				CLANG_ENABLE_OBJC_WEAK = YES;
				CLANG_WARN_BLOCK_CAPTURE_AUTORELEASING = YES;
				CLANG_WARN_BOOL_CONVERSION = YES;
				CLANG_WARN_COMMA = YES;
				CLANG_WARN_CONSTANT_CONVERSION = YES;
				CLANG_WARN_DEPRECATED_OBJC_IMPLEMENTATIONS = YES;
				CLANG_WARN_DIRECT_OBJC_ISA_USAGE = YES_ERROR;
				CLANG_WARN_DOCUMENTATION_COMMENTS = YES;
				CLANG_WARN_EMPTY_BODY = YES;
				CLANG_WARN_ENUM_CONVERSION = YES;
				CLANG_WARN_INFINITE_RECURSION = YES;
				CLANG_WARN_INT_CONVERSION = YES;
				CLANG_WARN_NON_LITERAL_NULL_CONVERSION = YES;
				CLANG_WARN_OBJC_IMPLICIT_RETAIN_SELF = YES;
				CLANG_WARN_OBJC_LITERAL_CONVERSION = YES;
				CLANG_WARN_OBJC_ROOT_CLASS = YES_ERROR;
				CLANG_WARN_QUOTED_INCLUDE_IN_FRAMEWORK_HEADER = YES;
				CLANG_WARN_RANGE_LOOP_ANALYSIS = YES;
				CLANG_WARN_STRICT_PROTOTYPES = YES;
				CLANG_WARN_SUSPICIOUS_MOVE = YES;
				CLANG_WARN_UNGUARDED_AVAILABILITY = YES_AGGRESSIVE;
				CLANG_WARN_UNREACHABLE_CODE = YES;
				CLANG_WARN__DUPLICATE_METHOD_MATCH = YES;
				COPY_PHASE_STRIP = NO;
				DEBUG_INFORMATION_FORMAT = "dwarf-with-dsym";
				ENABLE_NS_ASSERTIONS = NO;
				ENABLE_STRICT_OBJC_MSGSEND = YES;
				ENABLE_USER_SCRIPT_SANDBOXING = YES;
				GCC_C_LANGUAGE_STANDARD = gnu17;
				GCC_NO_COMMON_BLOCKS = YES;
				GCC_WARN_64_TO_32_BIT_CONVERSION = YES;
				GCC_WARN_ABOUT_RETURN_TYPE = YES_ERROR;
				GCC_WARN_UNDECLARED_SELECTOR = YES;
				GCC_WARN_UNINITIALIZED_AUTOS = YES_AGGRESSIVE;
				GCC_WARN_UNUSED_FUNCTION = YES;
				GCC_WARN_UNUSED_VARIABLE = YES;
				LOCALIZATION_PREFERS_STRING_CATALOGS = YES;
				MTL_ENABLE_DEBUG_INFO = NO;
				MTL_FAST_MATH = YES;
				SWIFT_COMPILATION_MODE = wholemodule;
			};
			name = Release;
		};
		4F6A08352BD29579000B3F8A /* Debug */ = {
			isa = XCBuildConfiguration;
			buildSettings = {
				ASSETCATALOG_COMPILER_APPICON_NAME = AppIcon;
				ASSETCATALOG_COMPILER_GLOBAL_ACCENT_COLOR_NAME = AccentColor;
				CODE_SIGN_STYLE = Automatic;
				CURRENT_PROJECT_VERSION = 1;
				DEVELOPMENT_ASSET_PATHS = "\"tapkick Watch App/Preview Content\"";
				DEVELOPMENT_TEAM = ZL96A3AF4D;
				ENABLE_PREVIEWS = YES;
				GENERATE_INFOPLIST_FILE = YES;
				INFOPLIST_KEY_CFBundleDisplayName = tapkick;
				INFOPLIST_KEY_UISupportedInterfaceOrientations = "UIInterfaceOrientationPortrait UIInterfaceOrientationPortraitUpsideDown";
				INFOPLIST_KEY_WKCompanionAppBundleIdentifier = com.jtay9562.tapkick;
				LD_RUNPATH_SEARCH_PATHS = (
					"$(inherited)",
					"@executable_path/Frameworks",
				);
				MARKETING_VERSION = 1.0;
				PRODUCT_BUNDLE_IDENTIFIER = com.jtay9562.tapkick.watchkitapp;
				PRODUCT_NAME = "$(TARGET_NAME)";
				SDKROOT = watchos;
				SKIP_INSTALL = YES;
				SWIFT_EMIT_LOC_STRINGS = YES;
				SWIFT_VERSION = 5.0;
				TARGETED_DEVICE_FAMILY = 4;
				WATCHOS_DEPLOYMENT_TARGET = 10.4;
			};
			name = Debug;
		};
		4F6A08362BD29579000B3F8A /* Release */ = {
			isa = XCBuildConfiguration;
			buildSettings = {
				ASSETCATALOG_COMPILER_APPICON_NAME = AppIcon;
				ASSETCATALOG_COMPILER_GLOBAL_ACCENT_COLOR_NAME = AccentColor;
				CODE_SIGN_STYLE = Automatic;
				CURRENT_PROJECT_VERSION = 1;
				DEVELOPMENT_ASSET_PATHS = "\"tapkick Watch App/Preview Content\"";
				DEVELOPMENT_TEAM = ZL96A3AF4D;
				ENABLE_PREVIEWS = YES;
				GENERATE_INFOPLIST_FILE = YES;
				INFOPLIST_KEY_CFBundleDisplayName = tapkick;
				INFOPLIST_KEY_UISupportedInterfaceOrientations = "UIInterfaceOrientationPortrait UIInterfaceOrientationPortraitUpsideDown";
				INFOPLIST_KEY_WKCompanionAppBundleIdentifier = com.jtay9562.tapkick;
				LD_RUNPATH_SEARCH_PATHS = (
					"$(inherited)",
					"@executable_path/Frameworks",
				);
				MARKETING_VERSION = 1.0;
				PRODUCT_BUNDLE_IDENTIFIER = com.jtay9562.tapkick.watchkitapp;
				PRODUCT_NAME = "$(TARGET_NAME)";
				SDKROOT = watchos;
				SKIP_INSTALL = YES;
				SWIFT_EMIT_LOC_STRINGS = YES;
				SWIFT_VERSION = 5.0;
				TARGETED_DEVICE_FAMILY = 4;
				VALIDATE_PRODUCT = YES;
				WATCHOS_DEPLOYMENT_TARGET = 10.4;
			};
			name = Release;
		};
		4F6A08392BD29579000B3F8A /* Debug */ = {
			isa = XCBuildConfiguration;
			buildSettings = {
				ALWAYS_EMBED_SWIFT_STANDARD_LIBRARIES = YES;
				ASSETCATALOG_COMPILER_APPICON_NAME = AppIcon;
				ASSETCATALOG_COMPILER_GLOBAL_ACCENT_COLOR_NAME = AccentColor;
				CODE_SIGN_STYLE = Automatic;
				CURRENT_PROJECT_VERSION = 1;
				DEVELOPMENT_ASSET_PATHS = "\"tapkick/Preview Content\"";
				DEVELOPMENT_TEAM = ZL96A3AF4D;
				ENABLE_PREVIEWS = YES;
				GENERATE_INFOPLIST_FILE = YES;
				INFOPLIST_KEY_CFBundleDisplayName = tapkick;
				INFOPLIST_KEY_UIApplicationSceneManifest_Generation = YES;
				INFOPLIST_KEY_UIApplicationSupportsIndirectInputEvents = YES;
				INFOPLIST_KEY_UILaunchScreen_Generation = YES;
				INFOPLIST_KEY_UISupportedInterfaceOrientations_iPad = "UIInterfaceOrientationPortrait UIInterfaceOrientationPortraitUpsideDown UIInterfaceOrientationLandscapeLeft UIInterfaceOrientationLandscapeRight";
				INFOPLIST_KEY_UISupportedInterfaceOrientations_iPhone = "UIInterfaceOrientationPortrait UIInterfaceOrientationLandscapeLeft UIInterfaceOrientationLandscapeRight";
				IPHONEOS_DEPLOYMENT_TARGET = 17.4;
				LD_RUNPATH_SEARCH_PATHS = (
					"$(inherited)",
					"@executable_path/Frameworks",
				);
				MARKETING_VERSION = 1.0;
				PRODUCT_BUNDLE_IDENTIFIER = com.jtay9562.tapkick;
				PRODUCT_NAME = "$(TARGET_NAME)";
				SDKROOT = iphoneos;
				SWIFT_EMIT_LOC_STRINGS = YES;
				SWIFT_VERSION = 5.0;
				TARGETED_DEVICE_FAMILY = "1,2";
			};
			name = Debug;
		};
		4F6A083A2BD29579000B3F8A /* Release */ = {
			isa = XCBuildConfiguration;
			buildSettings = {
				ALWAYS_EMBED_SWIFT_STANDARD_LIBRARIES = YES;
				ASSETCATALOG_COMPILER_APPICON_NAME = AppIcon;
				ASSETCATALOG_COMPILER_GLOBAL_ACCENT_COLOR_NAME = AccentColor;
				CODE_SIGN_STYLE = Automatic;
				CURRENT_PROJECT_VERSION = 1;
				DEVELOPMENT_ASSET_PATHS = "\"tapkick/Preview Content\"";
				DEVELOPMENT_TEAM = ZL96A3AF4D;
				ENABLE_PREVIEWS = YES;
				GENERATE_INFOPLIST_FILE = YES;
				INFOPLIST_KEY_CFBundleDisplayName = tapkick;
				INFOPLIST_KEY_UIApplicationSceneManifest_Generation = YES;
				INFOPLIST_KEY_UIApplicationSupportsIndirectInputEvents = YES;
				INFOPLIST_KEY_UILaunchScreen_Generation = YES;
				INFOPLIST_KEY_UISupportedInterfaceOrientations_iPad = "UIInterfaceOrientationPortrait UIInterfaceOrientationPortraitUpsideDown UIInterfaceOrientationLandscapeLeft UIInterfaceOrientationLandscapeRight";
				INFOPLIST_KEY_UISupportedInterfaceOrientations_iPhone = "UIInterfaceOrientationPortrait UIInterfaceOrientationLandscapeLeft UIInterfaceOrientationLandscapeRight";
				IPHONEOS_DEPLOYMENT_TARGET = 17.4;
				LD_RUNPATH_SEARCH_PATHS = (
					"$(inherited)",
					"@executable_path/Frameworks",
				);
				MARKETING_VERSION = 1.0;
				PRODUCT_BUNDLE_IDENTIFIER = com.jtay9562.tapkick;
				PRODUCT_NAME = "$(TARGET_NAME)";
				SDKROOT = iphoneos;
				SWIFT_EMIT_LOC_STRINGS = YES;
				SWIFT_VERSION = 5.0;
				TARGETED_DEVICE_FAMILY = "1,2";
				VALIDATE_PRODUCT = YES;
			};
			name = Release;
		};
/* End XCBuildConfiguration section */

/* Begin XCConfigurationList section */
		4F6A080F2BD29577000B3F8A /* Build configuration list for PBXProject "tapkick" */ = {
			isa = XCConfigurationList;
			buildConfigurations = (
				4F6A08322BD29579000B3F8A /* Debug */,
				4F6A08332BD29579000B3F8A /* Release */,
			);
			defaultConfigurationIsVisible = 0;
			defaultConfigurationName = Release;
		};
		4F6A08342BD29579000B3F8A /* Build configuration list for PBXNativeTarget "tapkick Watch App" */ = {
			isa = XCConfigurationList;
			buildConfigurations = (
				4F6A08352BD29579000B3F8A /* Debug */,
				4F6A08362BD29579000B3F8A /* Release */,
			);
			defaultConfigurationIsVisible = 0;
			defaultConfigurationName = Release;
		};
		4F6A08382BD29579000B3F8A /* Build configuration list for PBXNativeTarget "tapkick" */ = {
			isa = XCConfigurationList;
			buildConfigurations = (
				4F6A08392BD29579000B3F8A /* Debug */,
				4F6A083A2BD29579000B3F8A /* Release */,
			);
			defaultConfigurationIsVisible = 0;
			defaultConfigurationName = Release;
		};
/* End XCConfigurationList section */
	};
	rootObject = 4F6A080C2BD29577000B3F8A /* Project object */;
}
